// !$*UTF8*$!
{
	archiveVersion = 1;
	classes = {
	};
	objectVersion = 56;
	objects = {

/* Begin PBXBuildFile section */
		FBE7D7302CAF512900581F48 /* RegistroViewController.swift in Sources */ = {isa = PBXBuildFile; fileRef = FBE7D72F2CAF512900581F48 /* RegistroViewController.swift */; };
		FBE7D7322CAF515000581F48 /* LoginViewController.swift in Sources */ = {isa = PBXBuildFile; fileRef = FBE7D7312CAF515000581F48 /* LoginViewController.swift */; };
		FBE7D7342CAF516200581F48 /* PrincipalViewController.swift in Sources */ = {isa = PBXBuildFile; fileRef = FBE7D7332CAF516200581F48 /* PrincipalViewController.swift */; };
		FBE7D7362CAF5D8500581F48 /* Util.swift in Sources */ = {isa = PBXBuildFile; fileRef = FBE7D7352CAF5D8500581F48 /* Util.swift */; };
		FBF59F442C9B8388000949BF /* AppDelegate.swift in Sources */ = {isa = PBXBuildFile; fileRef = FBF59F432C9B8388000949BF /* AppDelegate.swift */; };
		FBF59F462C9B8388000949BF /* SceneDelegate.swift in Sources */ = {isa = PBXBuildFile; fileRef = FBF59F452C9B8388000949BF /* SceneDelegate.swift */; };
		FBF59F482C9B8388000949BF /* ViewController.swift in Sources */ = {isa = PBXBuildFile; fileRef = FBF59F472C9B8388000949BF /* ViewController.swift */; };
		FBF59F4B2C9B8388000949BF /* Main.storyboard in Resources */ = {isa = PBXBuildFile; fileRef = FBF59F492C9B8388000949BF /* Main.storyboard */; };
		FBF59F4D2C9B8389000949BF /* Assets.xcassets in Resources */ = {isa = PBXBuildFile; fileRef = FBF59F4C2C9B8389000949BF /* Assets.xcassets */; };
		FBF59F502C9B8389000949BF /* LaunchScreen.storyboard in Resources */ = {isa = PBXBuildFile; fileRef = FBF59F4E2C9B8389000949BF /* LaunchScreen.storyboard */; };
/* End PBXBuildFile section */

/* Begin PBXFileReference section */
		FBE7D72F2CAF512900581F48 /* RegistroViewController.swift */ = {isa = PBXFileReference; lastKnownFileType = sourcecode.swift; path = RegistroViewController.swift; sourceTree = "<group>"; };
		FBE7D7312CAF515000581F48 /* LoginViewController.swift */ = {isa = PBXFileReference; lastKnownFileType = sourcecode.swift; path = LoginViewController.swift; sourceTree = "<group>"; };
		FBE7D7332CAF516200581F48 /* PrincipalViewController.swift */ = {isa = PBXFileReference; lastKnownFileType = sourcecode.swift; path = PrincipalViewController.swift; sourceTree = "<group>"; };
		FBE7D7352CAF5D8500581F48 /* Util.swift */ = {isa = PBXFileReference; lastKnownFileType = sourcecode.swift; path = Util.swift; sourceTree = "<group>"; };
		FBF59F402C9B8388000949BF /* proyectoEP1.app */ = {isa = PBXFileReference; explicitFileType = wrapper.application; includeInIndex = 0; path = proyectoEP1.app; sourceTree = BUILT_PRODUCTS_DIR; };
		FBF59F432C9B8388000949BF /* AppDelegate.swift */ = {isa = PBXFileReference; lastKnownFileType = sourcecode.swift; path = AppDelegate.swift; sourceTree = "<group>"; };
		FBF59F452C9B8388000949BF /* SceneDelegate.swift */ = {isa = PBXFileReference; lastKnownFileType = sourcecode.swift; path = SceneDelegate.swift; sourceTree = "<group>"; };
		FBF59F472C9B8388000949BF /* ViewController.swift */ = {isa = PBXFileReference; lastKnownFileType = sourcecode.swift; path = ViewController.swift; sourceTree = "<group>"; };
		FBF59F4A2C9B8388000949BF /* Base */ = {isa = PBXFileReference; lastKnownFileType = file.storyboard; name = Base; path = Base.lproj/Main.storyboard; sourceTree = "<group>"; };
		FBF59F4C2C9B8389000949BF /* Assets.xcassets */ = {isa = PBXFileReference; lastKnownFileType = folder.assetcatalog; path = Assets.xcassets; sourceTree = "<group>"; };
		FBF59F4F2C9B8389000949BF /* Base */ = {isa = PBXFileReference; lastKnownFileType = file.storyboard; name = Base; path = Base.lproj/LaunchScreen.storyboard; sourceTree = "<group>"; };
		FBF59F512C9B8389000949BF /* Info.plist */ = {isa = PBXFileReference; lastKnownFileType = text.plist.xml; path = Info.plist; sourceTree = "<group>"; };
/* End PBXFileReference section */

/* Begin PBXFrameworksBuildPhase section */
		FBF59F3D2C9B8388000949BF /* Frameworks */ = {
			isa = PBXFrameworksBuildPhase;
			buildActionMask = 2147483647;
			files = (
			);
			runOnlyForDeploymentPostprocessing = 0;
		};
/* End PBXFrameworksBuildPhase section */

/* Begin PBXGroup section */
		FBE7D72E2CAF510B00581F48 /* Controller */ = {
			isa = PBXGroup;
			children = (
				FBE7D72F2CAF512900581F48 /* RegistroViewController.swift */,
				FBE7D7312CAF515000581F48 /* LoginViewController.swift */,
				FBE7D7332CAF516200581F48 /* PrincipalViewController.swift */,
			);
			path = Controller;
			sourceTree = "<group>";
		};
		FBF59F372C9B8388000949BF = {
			isa = PBXGroup;
			children = (
				FBF59F422C9B8388000949BF /* proyectoEP1 */,
				FBF59F412C9B8388000949BF /* Products */,
			);
			sourceTree = "<group>";
		};
		FBF59F412C9B8388000949BF /* Products */ = {
			isa = PBXGroup;
			children = (
				FBF59F402C9B8388000949BF /* proyectoEP1.app */,
			);
			name = Products;
			sourceTree = "<group>";
		};
		FBF59F422C9B8388000949BF /* proyectoEP1 */ = {
			isa = PBXGroup;
			children = (
				FBE7D72E2CAF510B00581F48 /* Controller */,
				FBF59F432C9B8388000949BF /* AppDelegate.swift */,
				FBF59F452C9B8388000949BF /* SceneDelegate.swift */,
				FBF59F472C9B8388000949BF /* ViewController.swift */,
				FBF59F492C9B8388000949BF /* Main.storyboard */,
				FBF59F4C2C9B8389000949BF /* Assets.xcassets */,
				FBF59F4E2C9B8389000949BF /* LaunchScreen.storyboard */,
				FBF59F512C9B8389000949BF /* Info.plist */,
				FBE7D7352CAF5D8500581F48 /* Util.swift */,
			);
			path = proyectoEP1;
			sourceTree = "<group>";
		};
/* End PBXGroup section */

/* Begin PBXNativeTarget section */
		FBF59F3F2C9B8388000949BF /* proyectoEP1 */ = {
			isa = PBXNativeTarget;
			buildConfigurationList = FBF59F542C9B8389000949BF /* Build configuration list for PBXNativeTarget "proyectoEP1" */;
			buildPhases = (
				FBF59F3C2C9B8388000949BF /* Sources */,
				FBF59F3D2C9B8388000949BF /* Frameworks */,
				FBF59F3E2C9B8388000949BF /* Resources */,
			);
			buildRules = (
			);
			dependencies = (
			);
			name = proyectoEP1;
			productName = proyectoEP1;
			productReference = FBF59F402C9B8388000949BF /* proyectoEP1.app */;
			productType = "com.apple.product-type.application";
		};
/* End PBXNativeTarget section */

/* Begin PBXProject section */
		FBF59F382C9B8388000949BF /* Project object */ = {
			isa = PBXProject;
			attributes = {
				BuildIndependentTargetsInParallel = 1;
				LastSwiftUpdateCheck = 1520;
				LastUpgradeCheck = 1520;
				TargetAttributes = {
					FBF59F3F2C9B8388000949BF = {
						CreatedOnToolsVersion = 15.2;
					};
				};
			};
			buildConfigurationList = FBF59F3B2C9B8388000949BF /* Build configuration list for PBXProject "proyectoEP1" */;
			compatibilityVersion = "Xcode 14.0";
			developmentRegion = en;
			hasScannedForEncodings = 0;
			knownRegions = (
				en,
				Base,
			);
			mainGroup = FBF59F372C9B8388000949BF;
			productRefGroup = FBF59F412C9B8388000949BF /* Products */;
			projectDirPath = "";
			projectRoot = "";
			targets = (
				FBF59F3F2C9B8388000949BF /* proyectoEP1 */,
			);
		};
/* End PBXProject section */

/* Begin PBXResourcesBuildPhase section */
		FBF59F3E2C9B8388000949BF /* Resources */ = {
			isa = PBXResourcesBuildPhase;
			buildActionMask = 2147483647;
			files = (
				FBF59F502C9B8389000949BF /* LaunchScreen.storyboard in Resources */,
				FBF59F4D2C9B8389000949BF /* Assets.xcassets in Resources */,
				FBF59F4B2C9B8388000949BF /* Main.storyboard in Resources */,
			);
			runOnlyForDeploymentPostprocessing = 0;
		};
/* End PBXResourcesBuildPhase section */

/* Begin PBXSourcesBuildPhase section */
		FBF59F3C2C9B8388000949BF /* Sources */ = {
			isa = PBXSourcesBuildPhase;
			buildActionMask = 2147483647;
			files = (
				FBF59F482C9B8388000949BF /* ViewController.swift in Sources */,
				FBE7D7302CAF512900581F48 /* RegistroViewController.swift in Sources */,
				FBF59F442C9B8388000949BF /* AppDelegate.swift in Sources */,
				FBE7D7342CAF516200581F48 /* PrincipalViewController.swift in Sources */,
				FBE7D7362CAF5D8500581F48 /* Util.swift in Sources */,
				FBE7D7322CAF515000581F48 /* LoginViewController.swift in Sources */,
				FBF59F462C9B8388000949BF /* SceneDelegate.swift in Sources */,
			);
			runOnlyForDeploymentPostprocessing = 0;
		};
/* End PBXSourcesBuildPhase section */

/* Begin PBXVariantGroup section */
		FBF59F492C9B8388000949BF /* Main.storyboard */ = {
			isa = PBXVariantGroup;
			children = (
				FBF59F4A2C9B8388000949BF /* Base */,
			);
			name = Main.storyboard;
			sourceTree = "<group>";
		};
		FBF59F4E2C9B8389000949BF /* LaunchScreen.storyboard */ = {
			isa = PBXVariantGroup;
			children = (
				FBF59F4F2C9B8389000949BF /* Base */,
			);
			name = LaunchScreen.storyboard;
			sourceTree = "<group>";
		};
/* End PBXVariantGroup section */

/* Begin XCBuildConfiguration section */
		FBF59F522C9B8389000949BF /* Debug */ = {
			isa = XCBuildConfiguration;
			buildSettings = {
				ALWAYS_SEARCH_USER_PATHS = NO;
				ASSETCATALOG_COMPILER_GENERATE_SWIFT_ASSET_SYMBOL_EXTENSIONS = YES;
				CLANG_ANALYZER_NONNULL = YES;
				CLANG_ANALYZER_NUMBER_OBJECT_CONVERSION = YES_AGGRESSIVE;
				CLANG_CXX_LANGUAGE_STANDARD = "gnu++20";
				CLANG_ENABLE_MODULES = YES;
				CLANG_ENABLE_OBJC_ARC = YES;
				CLANG_ENABLE_OBJC_WEAK = YES;
				CLANG_WARN_BLOCK_CAPTURE_AUTORELEASING = YES;
				CLANG_WARN_BOOL_CONVERSION = YES;
				CLANG_WARN_COMMA = YES;
				CLANG_WARN_CONSTANT_CONVERSION = YES;
				CLANG_WARN_DEPRECATED_OBJC_IMPLEMENTATIONS = YES;
				CLANG_WARN_DIRECT_OBJC_ISA_USAGE = YES_ERROR;
				CLANG_WARN_DOCUMENTATION_COMMENTS = YES;
				CLANG_WARN_EMPTY_BODY = YES;
				CLANG_WARN_ENUM_CONVERSION = YES;
				CLANG_WARN_INFINITE_RECURSION = YES;
				CLANG_WARN_INT_CONVERSION = YES;
				CLANG_WARN_NON_LITERAL_NULL_CONVERSION = YES;
				CLANG_WARN_OBJC_IMPLICIT_RETAIN_SELF = YES;
				CLANG_WARN_OBJC_LITERAL_CONVERSION = YES;
				CLANG_WARN_OBJC_ROOT_CLASS = YES_ERROR;
				CLANG_WARN_QUOTED_INCLUDE_IN_FRAMEWORK_HEADER = YES;
				CLANG_WARN_RANGE_LOOP_ANALYSIS = YES;
				CLANG_WARN_STRICT_PROTOTYPES = YES;
				CLANG_WARN_SUSPICIOUS_MOVE = YES;
				CLANG_WARN_UNGUARDED_AVAILABILITY = YES_AGGRESSIVE;
				CLANG_WARN_UNREACHABLE_CODE = YES;
				CLANG_WARN__DUPLICATE_METHOD_MATCH = YES;
				COPY_PHASE_STRIP = NO;
				DEBUG_INFORMATION_FORMAT = dwarf;
				ENABLE_STRICT_OBJC_MSGSEND = YES;
				ENABLE_TESTABILITY = YES;
				ENABLE_USER_SCRIPT_SANDBOXING = YES;
				GCC_C_LANGUAGE_STANDARD = gnu17;
				GCC_DYNAMIC_NO_PIC = NO;
				GCC_NO_COMMON_BLOCKS = YES;
				GCC_OPTIMIZATION_LEVEL = 0;
				GCC_PREPROCESSOR_DEFINITIONS = (
					"DEBUG=1",
					"$(inherited)",
				);
				GCC_WARN_64_TO_32_BIT_CONVERSION = YES;
				GCC_WARN_ABOUT_RETURN_TYPE = YES_ERROR;
				GCC_WARN_UNDECLARED_SELECTOR = YES;
				GCC_WARN_UNINITIALIZED_AUTOS = YES_AGGRESSIVE;
				GCC_WARN_UNUSED_FUNCTION = YES;
				GCC_WARN_UNUSED_VARIABLE = YES;
				IPHONEOS_DEPLOYMENT_TARGET = 17.2;
				LOCALIZATION_PREFERS_STRING_CATALOGS = YES;
				MTL_ENABLE_DEBUG_INFO = INCLUDE_SOURCE;
				MTL_FAST_MATH = YES;
				ONLY_ACTIVE_ARCH = YES;
				SDKROOT = iphoneos;
				SWIFT_ACTIVE_COMPILATION_CONDITIONS = "DEBUG $(inherited)";
				SWIFT_OPTIMIZATION_LEVEL = "-Onone";
			};
			name = Debug;
		};
		FBF59F532C9B8389000949BF /* Release */ = {
			isa = XCBuildConfiguration;
			buildSettings = {
				ALWAYS_SEARCH_USER_PATHS = NO;
				ASSETCATALOG_COMPILER_GENERATE_SWIFT_ASSET_SYMBOL_EXTENSIONS = YES;
				CLANG_ANALYZER_NONNULL = YES;
				CLANG_ANALYZER_NUMBER_OBJECT_CONVERSION = YES_AGGRESSIVE;
				CLANG_CXX_LANGUAGE_STANDARD = "gnu++20";
				CLANG_ENABLE_MODULES = YES;
				CLANG_ENABLE_OBJC_ARC = YES;
				CLANG_ENABLE_OBJC_WEAK = YES;
				CLANG_WARN_BLOCK_CAPTURE_AUTORELEASING = YES;
				CLANG_WARN_BOOL_CONVERSION = YES;
				CLANG_WARN_COMMA = YES;
				CLANG_WARN_CONSTANT_CONVERSION = YES;
				CLANG_WARN_DEPRECATED_OBJC_IMPLEMENTATIONS = YES;
				CLANG_WARN_DIRECT_OBJC_ISA_USAGE = YES_ERROR;
				CLANG_WARN_DOCUMENTATION_COMMENTS = YES;
				CLANG_WARN_EMPTY_BODY = YES;
				CLANG_WARN_ENUM_CONVERSION = YES;
				CLANG_WARN_INFINITE_RECURSION = YES;
				CLANG_WARN_INT_CONVERSION = YES;
				CLANG_WARN_NON_LITERAL_NULL_CONVERSION = YES;
				CLANG_WARN_OBJC_IMPLICIT_RETAIN_SELF = YES;
				CLANG_WARN_OBJC_LITERAL_CONVERSION = YES;
				CLANG_WARN_OBJC_ROOT_CLASS = YES_ERROR;
				CLANG_WARN_QUOTED_INCLUDE_IN_FRAMEWORK_HEADER = YES;
				CLANG_WARN_RANGE_LOOP_ANALYSIS = YES;
				CLANG_WARN_STRICT_PROTOTYPES = YES;
				CLANG_WARN_SUSPICIOUS_MOVE = YES;
				CLANG_WARN_UNGUARDED_AVAILABILITY = YES_AGGRESSIVE;
				CLANG_WARN_UNREACHABLE_CODE = YES;
				CLANG_WARN__DUPLICATE_METHOD_MATCH = YES;
				COPY_PHASE_STRIP = NO;
				DEBUG_INFORMATION_FORMAT = "dwarf-with-dsym";
				ENABLE_NS_ASSERTIONS = NO;
				ENABLE_STRICT_OBJC_MSGSEND = YES;
				ENABLE_USER_SCRIPT_SANDBOXING = YES;
				GCC_C_LANGUAGE_STANDARD = gnu17;
				GCC_NO_COMMON_BLOCKS = YES;
				GCC_WARN_64_TO_32_BIT_CONVERSION = YES;
				GCC_WARN_ABOUT_RETURN_TYPE = YES_ERROR;
				GCC_WARN_UNDECLARED_SELECTOR = YES;
				GCC_WARN_UNINITIALIZED_AUTOS = YES_AGGRESSIVE;
				GCC_WARN_UNUSED_FUNCTION = YES;
				GCC_WARN_UNUSED_VARIABLE = YES;
				IPHONEOS_DEPLOYMENT_TARGET = 17.2;
				LOCALIZATION_PREFERS_STRING_CATALOGS = YES;
				MTL_ENABLE_DEBUG_INFO = NO;
				MTL_FAST_MATH = YES;
				SDKROOT = iphoneos;
				SWIFT_COMPILATION_MODE = wholemodule;
				VALIDATE_PRODUCT = YES;
			};
			name = Release;
		};
		FBF59F552C9B8389000949BF /* Debug */ = {
			isa = XCBuildConfiguration;
			buildSettings = {
				ASSETCATALOG_COMPILER_APPICON_NAME = AppIcon;
				ASSETCATALOG_COMPILER_GLOBAL_ACCENT_COLOR_NAME = AccentColor;
				CODE_SIGN_STYLE = Automatic;
				CURRENT_PROJECT_VERSION = 1;
				GENERATE_INFOPLIST_FILE = YES;
				INFOPLIST_FILE = proyectoEP1/Info.plist;
				INFOPLIST_KEY_UIApplicationSupportsIndirectInputEvents = YES;
				INFOPLIST_KEY_UILaunchStoryboardName = LaunchScreen;
				INFOPLIST_KEY_UIMainStoryboardFile = Main;
				INFOPLIST_KEY_UISupportedInterfaceOrientations_iPad = "UIInterfaceOrientationPortrait UIInterfaceOrientationPortraitUpsideDown UIInterfaceOrientationLandscapeLeft UIInterfaceOrientationLandscapeRight";
				INFOPLIST_KEY_UISupportedInterfaceOrientations_iPhone = "UIInterfaceOrientationPortrait UIInterfaceOrientationLandscapeLeft UIInterfaceOrientationLandscapeRight";
				LD_RUNPATH_SEARCH_PATHS = (
					"$(inherited)",
					"@executable_path/Frameworks",
				);
				MARKETING_VERSION = 1.0;
				PRODUCT_BUNDLE_IDENTIFIER = pe.isil.proyectoEP1;
				PRODUCT_NAME = "$(TARGET_NAME)";
				SWIFT_EMIT_LOC_STRINGS = YES;
				SWIFT_VERSION = 5.0;
				TARGETED_DEVICE_FAMILY = "1,2";
			};
			name = Debug;
		};
		FBF59F562C9B8389000949BF /* Release */ = {
			isa = XCBuildConfiguration;
			buildSettings = {
				ASSETCATALOG_COMPILER_APPICON_NAME = AppIcon;
				ASSETCATALOG_COMPILER_GLOBAL_ACCENT_COLOR_NAME = AccentColor;
				CODE_SIGN_STYLE = Automatic;
				CURRENT_PROJECT_VERSION = 1;
				GENERATE_INFOPLIST_FILE = YES;
				INFOPLIST_FILE = proyectoEP1/Info.plist;
				INFOPLIST_KEY_UIApplicationSupportsIndirectInputEvents = YES;
				INFOPLIST_KEY_UILaunchStoryboardName = LaunchScreen;
				INFOPLIST_KEY_UIMainStoryboardFile = Main;
				INFOPLIST_KEY_UISupportedInterfaceOrientations_iPad = "UIInterfaceOrientationPortrait UIInterfaceOrientationPortraitUpsideDown UIInterfaceOrientationLandscapeLeft UIInterfaceOrientationLandscapeRight";
				INFOPLIST_KEY_UISupportedInterfaceOrientations_iPhone = "UIInterfaceOrientationPortrait UIInterfaceOrientationLandscapeLeft UIInterfaceOrientationLandscapeRight";
				LD_RUNPATH_SEARCH_PATHS = (
					"$(inherited)",
					"@executable_path/Frameworks",
				);
				MARKETING_VERSION = 1.0;
				PRODUCT_BUNDLE_IDENTIFIER = pe.isil.proyectoEP1;
				PRODUCT_NAME = "$(TARGET_NAME)";
				SWIFT_EMIT_LOC_STRINGS = YES;
				SWIFT_VERSION = 5.0;
				TARGETED_DEVICE_FAMILY = "1,2";
			};
			name = Release;
		};
/* End XCBuildConfiguration section */

/* Begin XCConfigurationList section */
		FBF59F3B2C9B8388000949BF /* Build configuration list for PBXProject "proyectoEP1" */ = {
			isa = XCConfigurationList;
			buildConfigurations = (
				FBF59F522C9B8389000949BF /* Debug */,
				FBF59F532C9B8389000949BF /* Release */,
			);
			defaultConfigurationIsVisible = 0;
			defaultConfigurationName = Release;
		};
		FBF59F542C9B8389000949BF /* Build configuration list for PBXNativeTarget "proyectoEP1" */ = {
			isa = XCConfigurationList;
			buildConfigurations = (
				FBF59F552C9B8389000949BF /* Debug */,
				FBF59F562C9B8389000949BF /* Release */,
			);
			defaultConfigurationIsVisible = 0;
			defaultConfigurationName = Release;
		};
/* End XCConfigurationList section */
	};
	rootObject = FBF59F382C9B8388000949BF /* Project object */;
}
